
Microsoft Visual Studio Solution File, Format Version 12.00
# Visual Studio 2012
Project("{FAE04EC0-301F-11D3-BF4B-00C04F79EFBC}") = "Glimpse.Common.Logging", "Glimpse.Common.Logging\Glimpse.Common.Logging.csproj", "{8DABCBEA-66D1-4CDD-970D-2827DF8D09A7}"
EndProject
Project("{FAE04EC0-301F-11D3-BF4B-00C04F79EFBC}") = "Glimpse.Common.Logging.Examples.Mvc4.Net45", "Glimpse.Common.Logging.Examples.Mvc4.Net45\Glimpse.Common.Logging.Examples.Mvc4.Net45.csproj", "{12EDEA45-1808-494B-87C7-8BE261BE37D8}"
EndProject
Global
	GlobalSection(SolutionConfigurationPlatforms) = preSolution
		Debug|Any CPU = Debug|Any CPU
		Release|Any CPU = Release|Any CPU
	EndGlobalSection
	GlobalSection(ProjectConfigurationPlatforms) = postSolution
		{8DABCBEA-66D1-4CDD-970D-2827DF8D09A7}.Debug|Any CPU.ActiveCfg = Debug|Any CPU
		{8DABCBEA-66D1-4CDD-970D-2827DF8D09A7}.Debug|Any CPU.Build.0 = Debug|Any CPU
		{8DABCBEA-66D1-4CDD-970D-2827DF8D09A7}.Release|Any CPU.ActiveCfg = Release|Any CPU
		{8DABCBEA-66D1-4CDD-970D-2827DF8D09A7}.Release|Any CPU.Build.0 = Release|Any CPU
		{12EDEA45-1808-494B-87C7-8BE261BE37D8}.Debug|Any CPU.ActiveCfg = Debug|Any CPU
		{12EDEA45-1808-494B-87C7-8BE261BE37D8}.Debug|Any CPU.Build.0 = Debug|Any CPU
		{12EDEA45-1808-494B-87C7-8BE261BE37D8}.Release|Any CPU.ActiveCfg = Release|Any CPU
		{12EDEA45-1808-494B-87C7-8BE261BE37D8}.Release|Any CPU.Build.0 = Release|Any CPU
	EndGlobalSection
	GlobalSection(SolutionProperties) = preSolution
		HideSolutionNode = FALSE
	EndGlobalSection
EndGlobal
